
Microsoft Visual Studio Solution File, Format Version 12.00
# Visual Studio 15
VisualStudioVersion = 15.0.28307.329
MinimumVisualStudioVersion = 10.0.40219.1
Project("{FAE04EC0-301F-11D3-BF4B-00C04F79EFBC}") = "CourseManageSystem", "CourseManageSystem\CourseManageSystem.csproj", "{C27F5701-4054-4A3A-86D7-B0B81FB22E4B}"
EndProject
Project("{FAE04EC0-301F-11D3-BF4B-00C04F79EFBC}") = "CourseManageSystemTests", "CourseManageSystemTests\CourseManageSystemTests.csproj", "{0868F745-1734-4E56-9A33-10F391859A95}"
EndProject
Global
	GlobalSection(SolutionConfigurationPlatforms) = preSolution
		Debug|Any CPU = Debug|Any CPU
		Release|Any CPU = Release|Any CPU
	EndGlobalSection
	GlobalSection(ProjectConfigurationPlatforms) = postSolution
		{C27F5701-4054-4A3A-86D7-B0B81FB22E4B}.Debug|Any CPU.ActiveCfg = Debug|Any CPU
		{C27F5701-4054-4A3A-86D7-B0B81FB22E4B}.Debug|Any CPU.Build.0 = Debug|Any CPU
		{C27F5701-4054-4A3A-86D7-B0B81FB22E4B}.Release|Any CPU.ActiveCfg = Release|Any CPU
		{C27F5701-4054-4A3A-86D7-B0B81FB22E4B}.Release|Any CPU.Build.0 = Release|Any CPU
		{0868F745-1734-4E56-9A33-10F391859A95}.Debug|Any CPU.ActiveCfg = Debug|Any CPU
		{0868F745-1734-4E56-9A33-10F391859A95}.Debug|Any CPU.Build.0 = Debug|Any CPU
		{0868F745-1734-4E56-9A33-10F391859A95}.Release|Any CPU.ActiveCfg = Release|Any CPU
		{0868F745-1734-4E56-9A33-10F391859A95}.Release|Any CPU.Build.0 = Release|Any CPU
	EndGlobalSection
	GlobalSection(SolutionProperties) = preSolution
		HideSolutionNode = FALSE
	EndGlobalSection
	GlobalSection(ExtensibilityGlobals) = postSolution
		SolutionGuid = {DE784CEC-61DB-4A6A-A921-91EDE1056D6D}
	EndGlobalSection
EndGlobal
