
Microsoft Visual Studio Solution File, Format Version 12.00
# Visual Studio 15
VisualStudioVersion = 15.0.28307.421
MinimumVisualStudioVersion = 10.0.40219.1
Project("{FAE04EC0-301F-11D3-BF4B-00C04F79EFBC}") = "Software Architecture", "Software Architecture\Software Architecture.csproj", "{7270B5FE-5855-4D1C-B830-C88D04DB8108}"
EndProject
Project("{FAE04EC0-301F-11D3-BF4B-00C04F79EFBC}") = "Software ArchitectureTests", "Software ArchitectureTests\Software ArchitectureTests.csproj", "{3457EB47-BCFB-4084-9DB3-EBADBE972C2A}"
EndProject
Global
	GlobalSection(SolutionConfigurationPlatforms) = preSolution
		Debug|Any CPU = Debug|Any CPU
		Release|Any CPU = Release|Any CPU
	EndGlobalSection
	GlobalSection(ProjectConfigurationPlatforms) = postSolution
		{7270B5FE-5855-4D1C-B830-C88D04DB8108}.Debug|Any CPU.ActiveCfg = Debug|Any CPU
		{7270B5FE-5855-4D1C-B830-C88D04DB8108}.Debug|Any CPU.Build.0 = Debug|Any CPU
		{7270B5FE-5855-4D1C-B830-C88D04DB8108}.Release|Any CPU.ActiveCfg = Release|Any CPU
		{7270B5FE-5855-4D1C-B830-C88D04DB8108}.Release|Any CPU.Build.0 = Release|Any CPU
		{3457EB47-BCFB-4084-9DB3-EBADBE972C2A}.Debug|Any CPU.ActiveCfg = Debug|Any CPU
		{3457EB47-BCFB-4084-9DB3-EBADBE972C2A}.Debug|Any CPU.Build.0 = Debug|Any CPU
		{3457EB47-BCFB-4084-9DB3-EBADBE972C2A}.Release|Any CPU.ActiveCfg = Release|Any CPU
		{3457EB47-BCFB-4084-9DB3-EBADBE972C2A}.Release|Any CPU.Build.0 = Release|Any CPU
	EndGlobalSection
	GlobalSection(SolutionProperties) = preSolution
		HideSolutionNode = FALSE
	EndGlobalSection
	GlobalSection(ExtensibilityGlobals) = postSolution
		SolutionGuid = {C6399D53-6F75-40E7-87D8-354517E90C31}
	EndGlobalSection
EndGlobal
